
Microsoft Visual Studio Solution File, Format Version 12.00
# Visual Studio 14
VisualStudioVersion = 14.0.25123.0
MinimumVisualStudioVersion = 10.0.40219.1
Project("{FAE04EC0-301F-11D3-BF4B-00C04F79EFBC}") = "MvvmCross.Plugins.Validation", "MvvmCross.Plugins.Validation.Core\MvvmCross.Plugins.Validation.csproj", "{28F5F62B-17A7-4AC9-9079-4C9EFB898E83}"
EndProject
Project("{FAE04EC0-301F-11D3-BF4B-00C04F79EFBC}") = "MvvmCross.Plugins.Validation.Droid", "MvvmCross.Plugins.Validation.Droid\MvvmCross.Plugins.Validation.Droid.csproj", "{5ED8B5D6-7E83-48DF-8A83-BF076B7B569A}"
EndProject
Project("{FAE04EC0-301F-11D3-BF4B-00C04F79EFBC}") = "MvvmCross.Plugins.Validation.UnitTests", "MvvmCross.Plugins.Validation.UnitTests\MvvmCross.Plugins.Validation.UnitTests.csproj", "{21091569-5122-4204-98BB-30E39F3392EC}"
EndProject
Project("{2150E333-8FDC-42A3-9474-1A3956D46DE8}") = ".nuget", ".nuget", "{06857898-906E-4F67-B987-4B7D7996ED1D}"
	ProjectSection(SolutionItems) = preProject
		.nuget\NuGet.Config = .nuget\NuGet.Config
		.nuget\NuGet.exe = .nuget\NuGet.exe
		.nuget\NuGet.targets = .nuget\NuGet.targets
	EndProjectSection
EndProject
Project("{FAE04EC0-301F-11D3-BF4B-00C04F79EFBC}") = "MvvmCross.Plugins.Validation.Touch", "MvvmCross.Plugins.Validation.Touch\MvvmCross.Plugins.Validation.Touch.csproj", "{7E7F730A-0994-4475-91AD-6F85EFBFD721}"
EndProject
Project("{2150E333-8FDC-42A3-9474-1A3956D46DE8}") = "nuspec", "nuspec", "{43B0FD01-0637-4949-AA21-8E35516D0160}"
	ProjectSection(SolutionItems) = preProject
		nuspec\MvvmCross.Plugins.Validation.1.0.0.nuspec = nuspec\MvvmCross.Plugins.Validation.1.0.0.nuspec
	EndProjectSection
EndProject
Project("{FAE04EC0-301F-11D3-BF4B-00C04F79EFBC}") = "MvvmCross.Plugins.Validation.ForFieldBinding", "MvvmCross.Plugins.Validation.ForFieldBinding\MvvmCross.Plugins.Validation.ForFieldBinding.csproj", "{2FFE26FF-F5ED-4F97-9DE5-26D952D0A703}"
EndProject
Global
	GlobalSection(SolutionConfigurationPlatforms) = preSolution
		Debug|Any CPU = Debug|Any CPU
		Release|Any CPU = Release|Any CPU
	EndGlobalSection
	GlobalSection(ProjectConfigurationPlatforms) = postSolution
		{28F5F62B-17A7-4AC9-9079-4C9EFB898E83}.Debug|Any CPU.ActiveCfg = Debug|Any CPU
		{28F5F62B-17A7-4AC9-9079-4C9EFB898E83}.Debug|Any CPU.Build.0 = Debug|Any CPU
		{28F5F62B-17A7-4AC9-9079-4C9EFB898E83}.Release|Any CPU.ActiveCfg = Release|Any CPU
		{28F5F62B-17A7-4AC9-9079-4C9EFB898E83}.Release|Any CPU.Build.0 = Release|Any CPU
		{5ED8B5D6-7E83-48DF-8A83-BF076B7B569A}.Debug|Any CPU.ActiveCfg = Debug|Any CPU
		{5ED8B5D6-7E83-48DF-8A83-BF076B7B569A}.Debug|Any CPU.Build.0 = Debug|Any CPU
		{5ED8B5D6-7E83-48DF-8A83-BF076B7B569A}.Release|Any CPU.ActiveCfg = Release|Any CPU
		{5ED8B5D6-7E83-48DF-8A83-BF076B7B569A}.Release|Any CPU.Build.0 = Release|Any CPU
		{21091569-5122-4204-98BB-30E39F3392EC}.Debug|Any CPU.ActiveCfg = Debug|Any CPU
		{21091569-5122-4204-98BB-30E39F3392EC}.Debug|Any CPU.Build.0 = Debug|Any CPU
		{21091569-5122-4204-98BB-30E39F3392EC}.Release|Any CPU.ActiveCfg = Release|Any CPU
		{21091569-5122-4204-98BB-30E39F3392EC}.Release|Any CPU.Build.0 = Release|Any CPU
		{7E7F730A-0994-4475-91AD-6F85EFBFD721}.Debug|Any CPU.ActiveCfg = Debug|Any CPU
		{7E7F730A-0994-4475-91AD-6F85EFBFD721}.Debug|Any CPU.Build.0 = Debug|Any CPU
		{7E7F730A-0994-4475-91AD-6F85EFBFD721}.Release|Any CPU.ActiveCfg = Release|Any CPU
		{7E7F730A-0994-4475-91AD-6F85EFBFD721}.Release|Any CPU.Build.0 = Release|Any CPU
		{2FFE26FF-F5ED-4F97-9DE5-26D952D0A703}.Debug|Any CPU.ActiveCfg = Debug|Any CPU
		{2FFE26FF-F5ED-4F97-9DE5-26D952D0A703}.Debug|Any CPU.Build.0 = Debug|Any CPU
		{2FFE26FF-F5ED-4F97-9DE5-26D952D0A703}.Release|Any CPU.ActiveCfg = Release|Any CPU
		{2FFE26FF-F5ED-4F97-9DE5-26D952D0A703}.Release|Any CPU.Build.0 = Release|Any CPU
	EndGlobalSection
	GlobalSection(SolutionProperties) = preSolution
		HideSolutionNode = FALSE
	EndGlobalSection
EndGlobal
